
Microsoft Visual Studio Solution File, Format Version 12.00
# Visual Studio 14
VisualStudioVersion = 14.0.25123.0
MinimumVisualStudioVersion = 10.0.40219.1
Project("{FAE04EC0-301F-11D3-BF4B-00C04F79EFBC}") = "CmdLineLib", "CmdLineLib\CmdLineLib.csproj", "{297443C3-B969-4870-AE7F-B83B4AACA15F}"
EndProject
Project("{FAE04EC0-301F-11D3-BF4B-00C04F79EFBC}") = "CmdLineLib.Tests", "CmdLineLib.Tests\CmdLineLib.Tests.csproj", "{51413878-BDEF-4E42-A1BB-A3A15FD5D544}"
EndProject
Project("{FAE04EC0-301F-11D3-BF4B-00C04F79EFBC}") = "CmdLineApp", "CmdLineApp\CmdLineApp.csproj", "{022E0BE0-AB4B-4383-9E8E-95B3F49E60B2}"
EndProject
Global
	GlobalSection(SolutionConfigurationPlatforms) = preSolution
		Debug|Any CPU = Debug|Any CPU
		Release|Any CPU = Release|Any CPU
	EndGlobalSection
	GlobalSection(ProjectConfigurationPlatforms) = postSolution
		{297443C3-B969-4870-AE7F-B83B4AACA15F}.Debug|Any CPU.ActiveCfg = Debug|Any CPU
		{297443C3-B969-4870-AE7F-B83B4AACA15F}.Debug|Any CPU.Build.0 = Debug|Any CPU
		{297443C3-B969-4870-AE7F-B83B4AACA15F}.Release|Any CPU.ActiveCfg = Release|Any CPU
		{297443C3-B969-4870-AE7F-B83B4AACA15F}.Release|Any CPU.Build.0 = Release|Any CPU
		{51413878-BDEF-4E42-A1BB-A3A15FD5D544}.Debug|Any CPU.ActiveCfg = Debug|Any CPU
		{51413878-BDEF-4E42-A1BB-A3A15FD5D544}.Debug|Any CPU.Build.0 = Debug|Any CPU
		{51413878-BDEF-4E42-A1BB-A3A15FD5D544}.Release|Any CPU.ActiveCfg = Release|Any CPU
		{51413878-BDEF-4E42-A1BB-A3A15FD5D544}.Release|Any CPU.Build.0 = Release|Any CPU
		{022E0BE0-AB4B-4383-9E8E-95B3F49E60B2}.Debug|Any CPU.ActiveCfg = Debug|Any CPU
		{022E0BE0-AB4B-4383-9E8E-95B3F49E60B2}.Debug|Any CPU.Build.0 = Debug|Any CPU
		{022E0BE0-AB4B-4383-9E8E-95B3F49E60B2}.Release|Any CPU.ActiveCfg = Release|Any CPU
		{022E0BE0-AB4B-4383-9E8E-95B3F49E60B2}.Release|Any CPU.Build.0 = Release|Any CPU
	EndGlobalSection
	GlobalSection(SolutionProperties) = preSolution
		HideSolutionNode = FALSE
	EndGlobalSection
EndGlobal
